// !$*UTF8*$!
{
	archiveVersion = 1;
	classes = {
	};
	objectVersion = 55;
	objects = {

/* Begin PBXBuildFile section */
		4C3B4EE827F4E0B200C07A86 /* AppDelegate.swift in Sources */ = {isa = PBXBuildFile; fileRef = 4C3B4EE727F4E0B200C07A86 /* AppDelegate.swift */; };
		4C3B4EEA27F4E0B200C07A86 /* SceneDelegate.swift in Sources */ = {isa = PBXBuildFile; fileRef = 4C3B4EE927F4E0B200C07A86 /* SceneDelegate.swift */; };
		4C3B4EEC27F4E0B200C07A86 /* CSVHomeViewController.swift in Sources */ = {isa = PBXBuildFile; fileRef = 4C3B4EEB27F4E0B200C07A86 /* CSVHomeViewController.swift */; };
		4C3B4EEF27F4E0B200C07A86 /* Main.storyboard in Resources */ = {isa = PBXBuildFile; fileRef = 4C3B4EED27F4E0B200C07A86 /* Main.storyboard */; };
		4C3B4EF127F4E0B400C07A86 /* Assets.xcassets in Resources */ = {isa = PBXBuildFile; fileRef = 4C3B4EF027F4E0B400C07A86 /* Assets.xcassets */; };
		4C3B4EF427F4E0B400C07A86 /* LaunchScreen.storyboard in Resources */ = {isa = PBXBuildFile; fileRef = 4C3B4EF227F4E0B400C07A86 /* LaunchScreen.storyboard */; };
		4C3B4EFF27F4E0B400C07A86 /* CSVReadAppTests.swift in Sources */ = {isa = PBXBuildFile; fileRef = 4C3B4EFE27F4E0B400C07A86 /* CSVReadAppTests.swift */; };
		4C3B4F0927F4E0B400C07A86 /* CSVReadAppUITests.swift in Sources */ = {isa = PBXBuildFile; fileRef = 4C3B4F0827F4E0B400C07A86 /* CSVReadAppUITests.swift */; };
		4C3B4F0B27F4E0B400C07A86 /* CSVReadAppUITestsLaunchTests.swift in Sources */ = {isa = PBXBuildFile; fileRef = 4C3B4F0A27F4E0B400C07A86 /* CSVReadAppUITestsLaunchTests.swift */; };
		4C3B4F2227F4E23D00C07A86 /* issues.csv in Resources */ = {isa = PBXBuildFile; fileRef = 4C3B4F2127F4E23D00C07A86 /* issues.csv */; };
		4C3B4F2427F4E27B00C07A86 /* CSVModel.swift in Sources */ = {isa = PBXBuildFile; fileRef = 4C3B4F2327F4E27B00C07A86 /* CSVModel.swift */; };
		4C3B4F2627F4E2A000C07A86 /* Constants.swift in Sources */ = {isa = PBXBuildFile; fileRef = 4C3B4F2527F4E2A000C07A86 /* Constants.swift */; };
		4C3B4F2827F4E2F100C07A86 /* UserTableViewCell.swift in Sources */ = {isa = PBXBuildFile; fileRef = 4C3B4F2727F4E2F100C07A86 /* UserTableViewCell.swift */; };
		4C3B4F2A27F4E30200C07A86 /* CSVReadUtil.swift in Sources */ = {isa = PBXBuildFile; fileRef = 4C3B4F2927F4E30200C07A86 /* CSVReadUtil.swift */; };
		4C3B4F2C27F4E31700C07A86 /* Extensions.swift in Sources */ = {isa = PBXBuildFile; fileRef = 4C3B4F2B27F4E31700C07A86 /* Extensions.swift */; };
		4C3B4F2E27F4E45E00C07A86 /* CSVUserViewModel.swift in Sources */ = {isa = PBXBuildFile; fileRef = 4C3B4F2D27F4E45E00C07A86 /* CSVUserViewModel.swift */; };
		4C3B4F3027F4EF0000C07A86 /* CommonUtils.swift in Sources */ = {isa = PBXBuildFile; fileRef = 4C3B4F2F27F4EF0000C07A86 /* CommonUtils.swift */; };
/* End PBXBuildFile section */

/* Begin PBXContainerItemProxy section */
		4C3B4EFB27F4E0B400C07A86 /* PBXContainerItemProxy */ = {
			isa = PBXContainerItemProxy;
			containerPortal = 4C3B4EDC27F4E0B200C07A86 /* Project object */;
			proxyType = 1;
			remoteGlobalIDString = 4C3B4EE327F4E0B200C07A86;
			remoteInfo = CSVReadApp;
		};
		4C3B4F0527F4E0B400C07A86 /* PBXContainerItemProxy */ = {
			isa = PBXContainerItemProxy;
			containerPortal = 4C3B4EDC27F4E0B200C07A86 /* Project object */;
			proxyType = 1;
			remoteGlobalIDString = 4C3B4EE327F4E0B200C07A86;
			remoteInfo = CSVReadApp;
		};
/* End PBXContainerItemProxy section */

/* Begin PBXFileReference section */
		4C3B4EE427F4E0B200C07A86 /* CSVReadApp.app */ = {isa = PBXFileReference; explicitFileType = wrapper.application; includeInIndex = 0; path = CSVReadApp.app; sourceTree = BUILT_PRODUCTS_DIR; };
		4C3B4EE727F4E0B200C07A86 /* AppDelegate.swift */ = {isa = PBXFileReference; lastKnownFileType = sourcecode.swift; path = AppDelegate.swift; sourceTree = "<group>"; };
		4C3B4EE927F4E0B200C07A86 /* SceneDelegate.swift */ = {isa = PBXFileReference; lastKnownFileType = sourcecode.swift; path = SceneDelegate.swift; sourceTree = "<group>"; };
		4C3B4EEB27F4E0B200C07A86 /* CSVHomeViewController.swift */ = {isa = PBXFileReference; lastKnownFileType = sourcecode.swift; path = CSVHomeViewController.swift; sourceTree = "<group>"; };
		4C3B4EEE27F4E0B200C07A86 /* Base */ = {isa = PBXFileReference; lastKnownFileType = file.storyboard; name = Base; path = Base.lproj/Main.storyboard; sourceTree = "<group>"; };
		4C3B4EF027F4E0B400C07A86 /* Assets.xcassets */ = {isa = PBXFileReference; lastKnownFileType = folder.assetcatalog; path = Assets.xcassets; sourceTree = "<group>"; };
		4C3B4EF327F4E0B400C07A86 /* Base */ = {isa = PBXFileReference; lastKnownFileType = file.storyboard; name = Base; path = Base.lproj/LaunchScreen.storyboard; sourceTree = "<group>"; };
		4C3B4EF527F4E0B400C07A86 /* Info.plist */ = {isa = PBXFileReference; lastKnownFileType = text.plist.xml; path = Info.plist; sourceTree = "<group>"; };
		4C3B4EFA27F4E0B400C07A86 /* CSVReadAppTests.xctest */ = {isa = PBXFileReference; explicitFileType = wrapper.cfbundle; includeInIndex = 0; path = CSVReadAppTests.xctest; sourceTree = BUILT_PRODUCTS_DIR; };
		4C3B4EFE27F4E0B400C07A86 /* CSVReadAppTests.swift */ = {isa = PBXFileReference; lastKnownFileType = sourcecode.swift; path = CSVReadAppTests.swift; sourceTree = "<group>"; };
		4C3B4F0427F4E0B400C07A86 /* CSVReadAppUITests.xctest */ = {isa = PBXFileReference; explicitFileType = wrapper.cfbundle; includeInIndex = 0; path = CSVReadAppUITests.xctest; sourceTree = BUILT_PRODUCTS_DIR; };
		4C3B4F0827F4E0B400C07A86 /* CSVReadAppUITests.swift */ = {isa = PBXFileReference; lastKnownFileType = sourcecode.swift; path = CSVReadAppUITests.swift; sourceTree = "<group>"; };
		4C3B4F0A27F4E0B400C07A86 /* CSVReadAppUITestsLaunchTests.swift */ = {isa = PBXFileReference; lastKnownFileType = sourcecode.swift; path = CSVReadAppUITestsLaunchTests.swift; sourceTree = "<group>"; };
		4C3B4F2127F4E23D00C07A86 /* issues.csv */ = {isa = PBXFileReference; fileEncoding = 4; lastKnownFileType = text; path = issues.csv; sourceTree = "<group>"; };
		4C3B4F2327F4E27B00C07A86 /* CSVModel.swift */ = {isa = PBXFileReference; fileEncoding = 4; lastKnownFileType = sourcecode.swift; path = CSVModel.swift; sourceTree = "<group>"; };
		4C3B4F2527F4E2A000C07A86 /* Constants.swift */ = {isa = PBXFileReference; lastKnownFileType = sourcecode.swift; path = Constants.swift; sourceTree = "<group>"; };
		4C3B4F2727F4E2F100C07A86 /* UserTableViewCell.swift */ = {isa = PBXFileReference; fileEncoding = 4; lastKnownFileType = sourcecode.swift; path = UserTableViewCell.swift; sourceTree = "<group>"; };
		4C3B4F2927F4E30200C07A86 /* CSVReadUtil.swift */ = {isa = PBXFileReference; lastKnownFileType = sourcecode.swift; path = CSVReadUtil.swift; sourceTree = "<group>"; };
		4C3B4F2B27F4E31700C07A86 /* Extensions.swift */ = {isa = PBXFileReference; lastKnownFileType = sourcecode.swift; path = Extensions.swift; sourceTree = "<group>"; };
		4C3B4F2D27F4E45E00C07A86 /* CSVUserViewModel.swift */ = {isa = PBXFileReference; lastKnownFileType = sourcecode.swift; path = CSVUserViewModel.swift; sourceTree = "<group>"; };
		4C3B4F2F27F4EF0000C07A86 /* CommonUtils.swift */ = {isa = PBXFileReference; lastKnownFileType = sourcecode.swift; path = CommonUtils.swift; sourceTree = "<group>"; };
/* End PBXFileReference section */

/* Begin PBXFrameworksBuildPhase section */
		4C3B4EE127F4E0B200C07A86 /* Frameworks */ = {
			isa = PBXFrameworksBuildPhase;
			buildActionMask = 2147483647;
			files = (
			);
			runOnlyForDeploymentPostprocessing = 0;
		};
		4C3B4EF727F4E0B400C07A86 /* Frameworks */ = {
			isa = PBXFrameworksBuildPhase;
			buildActionMask = 2147483647;
			files = (
			);
			runOnlyForDeploymentPostprocessing = 0;
		};
		4C3B4F0127F4E0B400C07A86 /* Frameworks */ = {
			isa = PBXFrameworksBuildPhase;
			buildActionMask = 2147483647;
			files = (
			);
			runOnlyForDeploymentPostprocessing = 0;
		};
/* End PBXFrameworksBuildPhase section */

/* Begin PBXGroup section */
		4C3B4EDB27F4E0B200C07A86 = {
			isa = PBXGroup;
			children = (
				4C3B4EE627F4E0B200C07A86 /* CSVReadApp */,
				4C3B4EFD27F4E0B400C07A86 /* CSVReadAppTests */,
				4C3B4F0727F4E0B400C07A86 /* CSVReadAppUITests */,
				4C3B4EE527F4E0B200C07A86 /* Products */,
			);
			sourceTree = "<group>";
		};
		4C3B4EE527F4E0B200C07A86 /* Products */ = {
			isa = PBXGroup;
			children = (
				4C3B4EE427F4E0B200C07A86 /* CSVReadApp.app */,
				4C3B4EFA27F4E0B400C07A86 /* CSVReadAppTests.xctest */,
				4C3B4F0427F4E0B400C07A86 /* CSVReadAppUITests.xctest */,
			);
			name = Products;
			sourceTree = "<group>";
		};
		4C3B4EE627F4E0B200C07A86 /* CSVReadApp */ = {
			isa = PBXGroup;
			children = (
				4C3B4F2027F4E23200C07A86 /* CSVFiles */,
				4C3B4F1B27F4E15D00C07A86 /* AppDelgates */,
				4C3B4F1E27F4E19D00C07A86 /* Constant */,
				4C3B4F1C27F4E18300C07A86 /* Extensions */,
				4C3B4F1827F4E10D00C07A86 /* Models */,
				4C3B4F1D27F4E19200C07A86 /* Utils */,
				4C3B4F1A27F4E14C00C07A86 /* TableViewCell */,
				4C3B4F1927F4E11700C07A86 /* ViewModel */,
				4C3B4F1727F4E0F900C07A86 /* ViewControllers */,
				4C3B4F1F27F4E1B400C07A86 /* StoryBoards */,
				4C3B4EF227F4E0B400C07A86 /* LaunchScreen.storyboard */,
				4C3B4EF027F4E0B400C07A86 /* Assets.xcassets */,
				4C3B4EF527F4E0B400C07A86 /* Info.plist */,
			);
			path = CSVReadApp;
			sourceTree = "<group>";
		};
		4C3B4EFD27F4E0B400C07A86 /* CSVReadAppTests */ = {
			isa = PBXGroup;
			children = (
				4C3B4EFE27F4E0B400C07A86 /* CSVReadAppTests.swift */,
			);
			path = CSVReadAppTests;
			sourceTree = "<group>";
		};
		4C3B4F0727F4E0B400C07A86 /* CSVReadAppUITests */ = {
			isa = PBXGroup;
			children = (
				4C3B4F0827F4E0B400C07A86 /* CSVReadAppUITests.swift */,
				4C3B4F0A27F4E0B400C07A86 /* CSVReadAppUITestsLaunchTests.swift */,
			);
			path = CSVReadAppUITests;
			sourceTree = "<group>";
		};
		4C3B4F1727F4E0F900C07A86 /* ViewControllers */ = {
			isa = PBXGroup;
			children = (
				4C3B4EEB27F4E0B200C07A86 /* CSVHomeViewController.swift */,
			);
			path = ViewControllers;
			sourceTree = "<group>";
		};
		4C3B4F1827F4E10D00C07A86 /* Models */ = {
			isa = PBXGroup;
			children = (
				4C3B4F2327F4E27B00C07A86 /* CSVModel.swift */,
			);
			path = Models;
			sourceTree = "<group>";
		};
		4C3B4F1927F4E11700C07A86 /* ViewModel */ = {
			isa = PBXGroup;
			children = (
				4C3B4F2D27F4E45E00C07A86 /* CSVUserViewModel.swift */,
			);
			path = ViewModel;
			sourceTree = "<group>";
		};
		4C3B4F1A27F4E14C00C07A86 /* TableViewCell */ = {
			isa = PBXGroup;
			children = (
				4C3B4F2727F4E2F100C07A86 /* UserTableViewCell.swift */,
			);
			path = TableViewCell;
			sourceTree = "<group>";
		};
		4C3B4F1B27F4E15D00C07A86 /* AppDelgates */ = {
			isa = PBXGroup;
			children = (
				4C3B4EE727F4E0B200C07A86 /* AppDelegate.swift */,
				4C3B4EE927F4E0B200C07A86 /* SceneDelegate.swift */,
			);
			path = AppDelgates;
			sourceTree = "<group>";
		};
		4C3B4F1C27F4E18300C07A86 /* Extensions */ = {
			isa = PBXGroup;
			children = (
				4C3B4F2B27F4E31700C07A86 /* Extensions.swift */,
			);
			path = Extensions;
			sourceTree = "<group>";
		};
		4C3B4F1D27F4E19200C07A86 /* Utils */ = {
			isa = PBXGroup;
			children = (
				4C3B4F2927F4E30200C07A86 /* CSVReadUtil.swift */,
				4C3B4F2F27F4EF0000C07A86 /* CommonUtils.swift */,
			);
			path = Utils;
			sourceTree = "<group>";
		};
		4C3B4F1E27F4E19D00C07A86 /* Constant */ = {
			isa = PBXGroup;
			children = (
				4C3B4F2527F4E2A000C07A86 /* Constants.swift */,
			);
			path = Constant;
			sourceTree = "<group>";
		};
		4C3B4F1F27F4E1B400C07A86 /* StoryBoards */ = {
			isa = PBXGroup;
			children = (
				4C3B4EED27F4E0B200C07A86 /* Main.storyboard */,
			);
			path = StoryBoards;
			sourceTree = "<group>";
		};
		4C3B4F2027F4E23200C07A86 /* CSVFiles */ = {
			isa = PBXGroup;
			children = (
				4C3B4F2127F4E23D00C07A86 /* issues.csv */,
			);
			path = CSVFiles;
			sourceTree = "<group>";
		};
/* End PBXGroup section */

/* Begin PBXNativeTarget section */
		4C3B4EE327F4E0B200C07A86 /* CSVReadApp */ = {
			isa = PBXNativeTarget;
			buildConfigurationList = 4C3B4F0E27F4E0B400C07A86 /* Build configuration list for PBXNativeTarget "CSVReadApp" */;
			buildPhases = (
				4C3B4EE027F4E0B200C07A86 /* Sources */,
				4C3B4EE127F4E0B200C07A86 /* Frameworks */,
				4C3B4EE227F4E0B200C07A86 /* Resources */,
			);
			buildRules = (
			);
			dependencies = (
			);
			name = CSVReadApp;
			productName = CSVReadApp;
			productReference = 4C3B4EE427F4E0B200C07A86 /* CSVReadApp.app */;
			productType = "com.apple.product-type.application";
		};
		4C3B4EF927F4E0B400C07A86 /* CSVReadAppTests */ = {
			isa = PBXNativeTarget;
			buildConfigurationList = 4C3B4F1127F4E0B400C07A86 /* Build configuration list for PBXNativeTarget "CSVReadAppTests" */;
			buildPhases = (
				4C3B4EF627F4E0B400C07A86 /* Sources */,
				4C3B4EF727F4E0B400C07A86 /* Frameworks */,
				4C3B4EF827F4E0B400C07A86 /* Resources */,
			);
			buildRules = (
			);
			dependencies = (
				4C3B4EFC27F4E0B400C07A86 /* PBXTargetDependency */,
			);
			name = CSVReadAppTests;
			productName = CSVReadAppTests;
			productReference = 4C3B4EFA27F4E0B400C07A86 /* CSVReadAppTests.xctest */;
			productType = "com.apple.product-type.bundle.unit-test";
		};
		4C3B4F0327F4E0B400C07A86 /* CSVReadAppUITests */ = {
			isa = PBXNativeTarget;
			buildConfigurationList = 4C3B4F1427F4E0B400C07A86 /* Build configuration list for PBXNativeTarget "CSVReadAppUITests" */;
			buildPhases = (
				4C3B4F0027F4E0B400C07A86 /* Sources */,
				4C3B4F0127F4E0B400C07A86 /* Frameworks */,
				4C3B4F0227F4E0B400C07A86 /* Resources */,
			);
			buildRules = (
			);
			dependencies = (
				4C3B4F0627F4E0B400C07A86 /* PBXTargetDependency */,
			);
			name = CSVReadAppUITests;
			productName = CSVReadAppUITests;
			productReference = 4C3B4F0427F4E0B400C07A86 /* CSVReadAppUITests.xctest */;
			productType = "com.apple.product-type.bundle.ui-testing";
		};
/* End PBXNativeTarget section */

/* Begin PBXProject section */
		4C3B4EDC27F4E0B200C07A86 /* Project object */ = {
			isa = PBXProject;
			attributes = {
				BuildIndependentTargetsInParallel = 1;
				LastSwiftUpdateCheck = 1320;
				LastUpgradeCheck = 1320;
				TargetAttributes = {
					4C3B4EE327F4E0B200C07A86 = {
						CreatedOnToolsVersion = 13.2.1;
					};
					4C3B4EF927F4E0B400C07A86 = {
						CreatedOnToolsVersion = 13.2.1;
						TestTargetID = 4C3B4EE327F4E0B200C07A86;
					};
					4C3B4F0327F4E0B400C07A86 = {
						CreatedOnToolsVersion = 13.2.1;
						TestTargetID = 4C3B4EE327F4E0B200C07A86;
					};
				};
			};
			buildConfigurationList = 4C3B4EDF27F4E0B200C07A86 /* Build configuration list for PBXProject "CSVReadApp" */;
			compatibilityVersion = "Xcode 13.0";
			developmentRegion = en;
			hasScannedForEncodings = 0;
			knownRegions = (
				en,
				Base,
			);
			mainGroup = 4C3B4EDB27F4E0B200C07A86;
			productRefGroup = 4C3B4EE527F4E0B200C07A86 /* Products */;
			projectDirPath = "";
			projectRoot = "";
			targets = (
				4C3B4EE327F4E0B200C07A86 /* CSVReadApp */,
				4C3B4EF927F4E0B400C07A86 /* CSVReadAppTests */,
				4C3B4F0327F4E0B400C07A86 /* CSVReadAppUITests */,
			);
		};
/* End PBXProject section */

/* Begin PBXResourcesBuildPhase section */
		4C3B4EE227F4E0B200C07A86 /* Resources */ = {
			isa = PBXResourcesBuildPhase;
			buildActionMask = 2147483647;
			files = (
				4C3B4F2227F4E23D00C07A86 /* issues.csv in Resources */,
				4C3B4EF427F4E0B400C07A86 /* LaunchScreen.storyboard in Resources */,
				4C3B4EF127F4E0B400C07A86 /* Assets.xcassets in Resources */,
				4C3B4EEF27F4E0B200C07A86 /* Main.storyboard in Resources */,
			);
			runOnlyForDeploymentPostprocessing = 0;
		};
		4C3B4EF827F4E0B400C07A86 /* Resources */ = {
			isa = PBXResourcesBuildPhase;
			buildActionMask = 2147483647;
			files = (
			);
			runOnlyForDeploymentPostprocessing = 0;
		};
		4C3B4F0227F4E0B400C07A86 /* Resources */ = {
			isa = PBXResourcesBuildPhase;
			buildActionMask = 2147483647;
			files = (
			);
			runOnlyForDeploymentPostprocessing = 0;
		};
/* End PBXResourcesBuildPhase section */

/* Begin PBXSourcesBuildPhase section */
		4C3B4EE027F4E0B200C07A86 /* Sources */ = {
			isa = PBXSourcesBuildPhase;
			buildActionMask = 2147483647;
			files = (
				4C3B4F2627F4E2A000C07A86 /* Constants.swift in Sources */,
				4C3B4EEC27F4E0B200C07A86 /* CSVHomeViewController.swift in Sources */,
				4C3B4EE827F4E0B200C07A86 /* AppDelegate.swift in Sources */,
				4C3B4F2C27F4E31700C07A86 /* Extensions.swift in Sources */,
				4C3B4F2A27F4E30200C07A86 /* CSVReadUtil.swift in Sources */,
				4C3B4F2427F4E27B00C07A86 /* CSVModel.swift in Sources */,
				4C3B4F3027F4EF0000C07A86 /* CommonUtils.swift in Sources */,
				4C3B4F2827F4E2F100C07A86 /* UserTableViewCell.swift in Sources */,
				4C3B4F2E27F4E45E00C07A86 /* CSVUserViewModel.swift in Sources */,
				4C3B4EEA27F4E0B200C07A86 /* SceneDelegate.swift in Sources */,
			);
			runOnlyForDeploymentPostprocessing = 0;
		};
		4C3B4EF627F4E0B400C07A86 /* Sources */ = {
			isa = PBXSourcesBuildPhase;
			buildActionMask = 2147483647;
			files = (
				4C3B4EFF27F4E0B400C07A86 /* CSVReadAppTests.swift in Sources */,
			);
			runOnlyForDeploymentPostprocessing = 0;
		};
		4C3B4F0027F4E0B400C07A86 /* Sources */ = {
			isa = PBXSourcesBuildPhase;
			buildActionMask = 2147483647;
			files = (
				4C3B4F0927F4E0B400C07A86 /* CSVReadAppUITests.swift in Sources */,
				4C3B4F0B27F4E0B400C07A86 /* CSVReadAppUITestsLaunchTests.swift in Sources */,
			);
			runOnlyForDeploymentPostprocessing = 0;
		};
/* End PBXSourcesBuildPhase section */

/* Begin PBXTargetDependency section */
		4C3B4EFC27F4E0B400C07A86 /* PBXTargetDependency */ = {
			isa = PBXTargetDependency;
			target = 4C3B4EE327F4E0B200C07A86 /* CSVReadApp */;
			targetProxy = 4C3B4EFB27F4E0B400C07A86 /* PBXContainerItemProxy */;
		};
		4C3B4F0627F4E0B400C07A86 /* PBXTargetDependency */ = {
			isa = PBXTargetDependency;
			target = 4C3B4EE327F4E0B200C07A86 /* CSVReadApp */;
			targetProxy = 4C3B4F0527F4E0B400C07A86 /* PBXContainerItemProxy */;
		};
/* End PBXTargetDependency section */

/* Begin PBXVariantGroup section */
		4C3B4EED27F4E0B200C07A86 /* Main.storyboard */ = {
			isa = PBXVariantGroup;
			children = (
				4C3B4EEE27F4E0B200C07A86 /* Base */,
			);
			name = Main.storyboard;
			sourceTree = "<group>";
		};
		4C3B4EF227F4E0B400C07A86 /* LaunchScreen.storyboard */ = {
			isa = PBXVariantGroup;
			children = (
				4C3B4EF327F4E0B400C07A86 /* Base */,
			);
			name = LaunchScreen.storyboard;
			sourceTree = "<group>";
		};
/* End PBXVariantGroup section */

/* Begin XCBuildConfiguration section */
		4C3B4F0C27F4E0B400C07A86 /* Debug */ = {
			isa = XCBuildConfiguration;
			buildSettings = {
				ALWAYS_SEARCH_USER_PATHS = NO;
				CLANG_ANALYZER_NONNULL = YES;
				CLANG_ANALYZER_NUMBER_OBJECT_CONVERSION = YES_AGGRESSIVE;
				CLANG_CXX_LANGUAGE_STANDARD = "gnu++17";
				CLANG_CXX_LIBRARY = "libc++";
				CLANG_ENABLE_MODULES = YES;
				CLANG_ENABLE_OBJC_ARC = YES;
				CLANG_ENABLE_OBJC_WEAK = YES;
				CLANG_WARN_BLOCK_CAPTURE_AUTORELEASING = YES;
				CLANG_WARN_BOOL_CONVERSION = YES;
				CLANG_WARN_COMMA = YES;
				CLANG_WARN_CONSTANT_CONVERSION = YES;
				CLANG_WARN_DEPRECATED_OBJC_IMPLEMENTATIONS = YES;
				CLANG_WARN_DIRECT_OBJC_ISA_USAGE = YES_ERROR;
				CLANG_WARN_DOCUMENTATION_COMMENTS = YES;
				CLANG_WARN_EMPTY_BODY = YES;
				CLANG_WARN_ENUM_CONVERSION = YES;
				CLANG_WARN_INFINITE_RECURSION = YES;
				CLANG_WARN_INT_CONVERSION = YES;
				CLANG_WARN_NON_LITERAL_NULL_CONVERSION = YES;
				CLANG_WARN_OBJC_IMPLICIT_RETAIN_SELF = YES;
				CLANG_WARN_OBJC_LITERAL_CONVERSION = YES;
				CLANG_WARN_OBJC_ROOT_CLASS = YES_ERROR;
				CLANG_WARN_QUOTED_INCLUDE_IN_FRAMEWORK_HEADER = YES;
				CLANG_WARN_RANGE_LOOP_ANALYSIS = YES;
				CLANG_WARN_STRICT_PROTOTYPES = YES;
				CLANG_WARN_SUSPICIOUS_MOVE = YES;
				CLANG_WARN_UNGUARDED_AVAILABILITY = YES_AGGRESSIVE;
				CLANG_WARN_UNREACHABLE_CODE = YES;
				CLANG_WARN__DUPLICATE_METHOD_MATCH = YES;
				COPY_PHASE_STRIP = NO;
				DEBUG_INFORMATION_FORMAT = dwarf;
				ENABLE_STRICT_OBJC_MSGSEND = YES;
				ENABLE_TESTABILITY = YES;
				GCC_C_LANGUAGE_STANDARD = gnu11;
				GCC_DYNAMIC_NO_PIC = NO;
				GCC_NO_COMMON_BLOCKS = YES;
				GCC_OPTIMIZATION_LEVEL = 0;
				GCC_PREPROCESSOR_DEFINITIONS = (
					"DEBUG=1",
					"$(inherited)",
				);
				GCC_WARN_64_TO_32_BIT_CONVERSION = YES;
				GCC_WARN_ABOUT_RETURN_TYPE = YES_ERROR;
				GCC_WARN_UNDECLARED_SELECTOR = YES;
				GCC_WARN_UNINITIALIZED_AUTOS = YES_AGGRESSIVE;
				GCC_WARN_UNUSED_FUNCTION = YES;
				GCC_WARN_UNUSED_VARIABLE = YES;
				IPHONEOS_DEPLOYMENT_TARGET = 15.2;
				MTL_ENABLE_DEBUG_INFO = INCLUDE_SOURCE;
				MTL_FAST_MATH = YES;
				ONLY_ACTIVE_ARCH = YES;
				SDKROOT = iphoneos;
				SWIFT_ACTIVE_COMPILATION_CONDITIONS = DEBUG;
				SWIFT_OPTIMIZATION_LEVEL = "-Onone";
			};
			name = Debug;
		};
		4C3B4F0D27F4E0B400C07A86 /* Release */ = {
			isa = XCBuildConfiguration;
			buildSettings = {
				ALWAYS_SEARCH_USER_PATHS = NO;
				CLANG_ANALYZER_NONNULL = YES;
				CLANG_ANALYZER_NUMBER_OBJECT_CONVERSION = YES_AGGRESSIVE;
				CLANG_CXX_LANGUAGE_STANDARD = "gnu++17";
				CLANG_CXX_LIBRARY = "libc++";
				CLANG_ENABLE_MODULES = YES;
				CLANG_ENABLE_OBJC_ARC = YES;
				CLANG_ENABLE_OBJC_WEAK = YES;
				CLANG_WARN_BLOCK_CAPTURE_AUTORELEASING = YES;
				CLANG_WARN_BOOL_CONVERSION = YES;
				CLANG_WARN_COMMA = YES;
				CLANG_WARN_CONSTANT_CONVERSION = YES;
				CLANG_WARN_DEPRECATED_OBJC_IMPLEMENTATIONS = YES;
				CLANG_WARN_DIRECT_OBJC_ISA_USAGE = YES_ERROR;
				CLANG_WARN_DOCUMENTATION_COMMENTS = YES;
				CLANG_WARN_EMPTY_BODY = YES;
				CLANG_WARN_ENUM_CONVERSION = YES;
				CLANG_WARN_INFINITE_RECURSION = YES;
				CLANG_WARN_INT_CONVERSION = YES;
				CLANG_WARN_NON_LITERAL_NULL_CONVERSION = YES;
				CLANG_WARN_OBJC_IMPLICIT_RETAIN_SELF = YES;
				CLANG_WARN_OBJC_LITERAL_CONVERSION = YES;
				CLANG_WARN_OBJC_ROOT_CLASS = YES_ERROR;
				CLANG_WARN_QUOTED_INCLUDE_IN_FRAMEWORK_HEADER = YES;
				CLANG_WARN_RANGE_LOOP_ANALYSIS = YES;
				CLANG_WARN_STRICT_PROTOTYPES = YES;
				CLANG_WARN_SUSPICIOUS_MOVE = YES;
				CLANG_WARN_UNGUARDED_AVAILABILITY = YES_AGGRESSIVE;
				CLANG_WARN_UNREACHABLE_CODE = YES;
				CLANG_WARN__DUPLICATE_METHOD_MATCH = YES;
				COPY_PHASE_STRIP = NO;
				DEBUG_INFORMATION_FORMAT = "dwarf-with-dsym";
				ENABLE_NS_ASSERTIONS = NO;
				ENABLE_STRICT_OBJC_MSGSEND = YES;
				GCC_C_LANGUAGE_STANDARD = gnu11;
				GCC_NO_COMMON_BLOCKS = YES;
				GCC_WARN_64_TO_32_BIT_CONVERSION = YES;
				GCC_WARN_ABOUT_RETURN_TYPE = YES_ERROR;
				GCC_WARN_UNDECLARED_SELECTOR = YES;
				GCC_WARN_UNINITIALIZED_AUTOS = YES_AGGRESSIVE;
				GCC_WARN_UNUSED_FUNCTION = YES;
				GCC_WARN_UNUSED_VARIABLE = YES;
				IPHONEOS_DEPLOYMENT_TARGET = 15.2;
				MTL_ENABLE_DEBUG_INFO = NO;
				MTL_FAST_MATH = YES;
				SDKROOT = iphoneos;
				SWIFT_COMPILATION_MODE = wholemodule;
				SWIFT_OPTIMIZATION_LEVEL = "-O";
				VALIDATE_PRODUCT = YES;
			};
			name = Release;
		};
		4C3B4F0F27F4E0B400C07A86 /* Debug */ = {
			isa = XCBuildConfiguration;
			buildSettings = {
				ASSETCATALOG_COMPILER_APPICON_NAME = AppIcon;
				ASSETCATALOG_COMPILER_GLOBAL_ACCENT_COLOR_NAME = AccentColor;
				CODE_SIGN_STYLE = Automatic;
				CURRENT_PROJECT_VERSION = 1;
				DEVELOPMENT_TEAM = B867676ZW9;
				GENERATE_INFOPLIST_FILE = YES;
				INFOPLIST_FILE = CSVReadApp/Info.plist;
				INFOPLIST_KEY_UIApplicationSupportsIndirectInputEvents = YES;
				INFOPLIST_KEY_UILaunchStoryboardName = LaunchScreen;
				INFOPLIST_KEY_UIMainStoryboardFile = Main;
				INFOPLIST_KEY_UISupportedInterfaceOrientations_iPad = "UIInterfaceOrientationPortrait UIInterfaceOrientationPortraitUpsideDown UIInterfaceOrientationLandscapeLeft UIInterfaceOrientationLandscapeRight";
				INFOPLIST_KEY_UISupportedInterfaceOrientations_iPhone = "UIInterfaceOrientationPortrait UIInterfaceOrientationLandscapeLeft UIInterfaceOrientationLandscapeRight";
				LD_RUNPATH_SEARCH_PATHS = (
					"$(inherited)",
					"@executable_path/Frameworks",
				);
				MARKETING_VERSION = 1.0;
				PRODUCT_BUNDLE_IDENTIFIER = tech.apple.CSVReadApp;
				PRODUCT_NAME = "$(TARGET_NAME)";
				SWIFT_EMIT_LOC_STRINGS = YES;
				SWIFT_VERSION = 5.0;
				TARGETED_DEVICE_FAMILY = "1,2";
			};
			name = Debug;
		};
		4C3B4F1027F4E0B400C07A86 /* Release */ = {
			isa = XCBuildConfiguration;
			buildSettings = {
				ASSETCATALOG_COMPILER_APPICON_NAME = AppIcon;
				ASSETCATALOG_COMPILER_GLOBAL_ACCENT_COLOR_NAME = AccentColor;
				CODE_SIGN_STYLE = Automatic;
				CURRENT_PROJECT_VERSION = 1;
				DEVELOPMENT_TEAM = B867676ZW9;
				GENERATE_INFOPLIST_FILE = YES;
				INFOPLIST_FILE = CSVReadApp/Info.plist;
				INFOPLIST_KEY_UIApplicationSupportsIndirectInputEvents = YES;
				INFOPLIST_KEY_UILaunchStoryboardName = LaunchScreen;
				INFOPLIST_KEY_UIMainStoryboardFile = Main;
				INFOPLIST_KEY_UISupportedInterfaceOrientations_iPad = "UIInterfaceOrientationPortrait UIInterfaceOrientationPortraitUpsideDown UIInterfaceOrientationLandscapeLeft UIInterfaceOrientationLandscapeRight";
				INFOPLIST_KEY_UISupportedInterfaceOrientations_iPhone = "UIInterfaceOrientationPortrait UIInterfaceOrientationLandscapeLeft UIInterfaceOrientationLandscapeRight";
				LD_RUNPATH_SEARCH_PATHS = (
					"$(inherited)",
					"@executable_path/Frameworks",
				);
				MARKETING_VERSION = 1.0;
				PRODUCT_BUNDLE_IDENTIFIER = tech.apple.CSVReadApp;
				PRODUCT_NAME = "$(TARGET_NAME)";
				SWIFT_EMIT_LOC_STRINGS = YES;
				SWIFT_VERSION = 5.0;
				TARGETED_DEVICE_FAMILY = "1,2";
			};
			name = Release;
		};
		4C3B4F1227F4E0B400C07A86 /* Debug */ = {
			isa = XCBuildConfiguration;
			buildSettings = {
				ALWAYS_EMBED_SWIFT_STANDARD_LIBRARIES = YES;
				BUNDLE_LOADER = "$(TEST_HOST)";
				CODE_SIGN_STYLE = Automatic;
				CURRENT_PROJECT_VERSION = 1;
				DEVELOPMENT_TEAM = B867676ZW9;
				GENERATE_INFOPLIST_FILE = YES;
				IPHONEOS_DEPLOYMENT_TARGET = 15.2;
				MARKETING_VERSION = 1.0;
				PRODUCT_BUNDLE_IDENTIFIER = tech.apple.CSVReadAppTests;
				PRODUCT_NAME = "$(TARGET_NAME)";
				SWIFT_EMIT_LOC_STRINGS = NO;
				SWIFT_VERSION = 5.0;
				TARGETED_DEVICE_FAMILY = "1,2";
				TEST_HOST = "$(BUILT_PRODUCTS_DIR)/CSVReadApp.app/CSVReadApp";
			};
			name = Debug;
		};
		4C3B4F1327F4E0B400C07A86 /* Release */ = {
			isa = XCBuildConfiguration;
			buildSettings = {
				ALWAYS_EMBED_SWIFT_STANDARD_LIBRARIES = YES;
				BUNDLE_LOADER = "$(TEST_HOST)";
				CODE_SIGN_STYLE = Automatic;
				CURRENT_PROJECT_VERSION = 1;
				DEVELOPMENT_TEAM = B867676ZW9;
				GENERATE_INFOPLIST_FILE = YES;
				IPHONEOS_DEPLOYMENT_TARGET = 15.2;
				MARKETING_VERSION = 1.0;
				PRODUCT_BUNDLE_IDENTIFIER = tech.apple.CSVReadAppTests;
				PRODUCT_NAME = "$(TARGET_NAME)";
				SWIFT_EMIT_LOC_STRINGS = NO;
				SWIFT_VERSION = 5.0;
				TARGETED_DEVICE_FAMILY = "1,2";
				TEST_HOST = "$(BUILT_PRODUCTS_DIR)/CSVReadApp.app/CSVReadApp";
			};
			name = Release;
		};
		4C3B4F1527F4E0B400C07A86 /* Debug */ = {
			isa = XCBuildConfiguration;
			buildSettings = {
				ALWAYS_EMBED_SWIFT_STANDARD_LIBRARIES = YES;
				CODE_SIGN_STYLE = Automatic;
				CURRENT_PROJECT_VERSION = 1;
				DEVELOPMENT_TEAM = B867676ZW9;
				GENERATE_INFOPLIST_FILE = YES;
				MARKETING_VERSION = 1.0;
				PRODUCT_BUNDLE_IDENTIFIER = tech.apple.CSVReadAppUITests;
				PRODUCT_NAME = "$(TARGET_NAME)";
				SWIFT_EMIT_LOC_STRINGS = NO;
				SWIFT_VERSION = 5.0;
				TARGETED_DEVICE_FAMILY = "1,2";
				TEST_TARGET_NAME = CSVReadApp;
			};
			name = Debug;
		};
		4C3B4F1627F4E0B400C07A86 /* Release */ = {
			isa = XCBuildConfiguration;
			buildSettings = {
				ALWAYS_EMBED_SWIFT_STANDARD_LIBRARIES = YES;
				CODE_SIGN_STYLE = Automatic;
				CURRENT_PROJECT_VERSION = 1;
				DEVELOPMENT_TEAM = B867676ZW9;
				GENERATE_INFOPLIST_FILE = YES;
				MARKETING_VERSION = 1.0;
				PRODUCT_BUNDLE_IDENTIFIER = tech.apple.CSVReadAppUITests;
				PRODUCT_NAME = "$(TARGET_NAME)";
				SWIFT_EMIT_LOC_STRINGS = NO;
				SWIFT_VERSION = 5.0;
				TARGETED_DEVICE_FAMILY = "1,2";
				TEST_TARGET_NAME = CSVReadApp;
			};
			name = Release;
		};
/* End XCBuildConfiguration section */

/* Begin XCConfigurationList section */
		4C3B4EDF27F4E0B200C07A86 /* Build configuration list for PBXProject "CSVReadApp" */ = {
			isa = XCConfigurationList;
			buildConfigurations = (
				4C3B4F0C27F4E0B400C07A86 /* Debug */,
				4C3B4F0D27F4E0B400C07A86 /* Release */,
			);
			defaultConfigurationIsVisible = 0;
			defaultConfigurationName = Release;
		};
		4C3B4F0E27F4E0B400C07A86 /* Build configuration list for PBXNativeTarget "CSVReadApp" */ = {
			isa = XCConfigurationList;
			buildConfigurations = (
				4C3B4F0F27F4E0B400C07A86 /* Debug */,
				4C3B4F1027F4E0B400C07A86 /* Release */,
			);
			defaultConfigurationIsVisible = 0;
			defaultConfigurationName = Release;
		};
		4C3B4F1127F4E0B400C07A86 /* Build configuration list for PBXNativeTarget "CSVReadAppTests" */ = {
			isa = XCConfigurationList;
			buildConfigurations = (
				4C3B4F1227F4E0B400C07A86 /* Debug */,
				4C3B4F1327F4E0B400C07A86 /* Release */,
			);
			defaultConfigurationIsVisible = 0;
			defaultConfigurationName = Release;
		};
		4C3B4F1427F4E0B400C07A86 /* Build configuration list for PBXNativeTarget "CSVReadAppUITests" */ = {
			isa = XCConfigurationList;
			buildConfigurations = (
				4C3B4F1527F4E0B400C07A86 /* Debug */,
				4C3B4F1627F4E0B400C07A86 /* Release */,
			);
			defaultConfigurationIsVisible = 0;
			defaultConfigurationName = Release;
		};
/* End XCConfigurationList section */
	};
	rootObject = 4C3B4EDC27F4E0B200C07A86 /* Project object */;
}
